
Microsoft Visual Studio Solution File, Format Version 12.00
# Visual Studio 14
VisualStudioVersion = 14.0.23107.0
MinimumVisualStudioVersion = 10.0.40219.1
Project("{FAE04EC0-301F-11D3-BF4B-00C04F79EFBC}") = "HelloDevOps", "HelloDevOps\HelloDevOps.csproj", "{4A0CC43A-434C-49C1-A187-AE7F2E37EF35}"
EndProject
Project("{FAE04EC0-301F-11D3-BF4B-00C04F79EFBC}") = "HelloDevOps.Tests", "HelloDevOps.Tests\HelloDevOps.Tests.csproj", "{5BB1D02E-400C-4A64-8DEB-B2720AEAA509}"
EndProject
Project("{2150E333-8FDC-42A3-9474-1A3956D46DE8}") = "PublishScripts", "PublishScripts", "{81EAEC45-4A50-4547-99F2-FD84F544672B}"
	ProjectSection(SolutionItems) = preProject
		PublishScripts\AzureVMPublishModule.psm1 = PublishScripts\AzureVMPublishModule.psm1
		PublishScripts\Publish-WebApplicationVM.ps1 = PublishScripts\Publish-WebApplicationVM.ps1
	EndProjectSection
EndProject
Project("{2150E333-8FDC-42A3-9474-1A3956D46DE8}") = "Configurations", "Configurations", "{2F57AA1D-7A69-4852-8541-D47D0DADE206}"
	ProjectSection(SolutionItems) = preProject
		PublishScripts\Configurations\HelloDevOps-WAWS-dev.json = PublishScripts\Configurations\HelloDevOps-WAWS-dev.json
	EndProjectSection
EndProject
Global
	GlobalSection(SolutionConfigurationPlatforms) = preSolution
		Debug|Any CPU = Debug|Any CPU
		Release|Any CPU = Release|Any CPU
	EndGlobalSection
	GlobalSection(ProjectConfigurationPlatforms) = postSolution
		{4A0CC43A-434C-49C1-A187-AE7F2E37EF35}.Debug|Any CPU.ActiveCfg = Debug|Any CPU
		{4A0CC43A-434C-49C1-A187-AE7F2E37EF35}.Debug|Any CPU.Build.0 = Debug|Any CPU
		{4A0CC43A-434C-49C1-A187-AE7F2E37EF35}.Release|Any CPU.ActiveCfg = Release|Any CPU
		{4A0CC43A-434C-49C1-A187-AE7F2E37EF35}.Release|Any CPU.Build.0 = Release|Any CPU
		{5BB1D02E-400C-4A64-8DEB-B2720AEAA509}.Debug|Any CPU.ActiveCfg = Debug|Any CPU
		{5BB1D02E-400C-4A64-8DEB-B2720AEAA509}.Debug|Any CPU.Build.0 = Debug|Any CPU
		{5BB1D02E-400C-4A64-8DEB-B2720AEAA509}.Release|Any CPU.ActiveCfg = Release|Any CPU
		{5BB1D02E-400C-4A64-8DEB-B2720AEAA509}.Release|Any CPU.Build.0 = Release|Any CPU
	EndGlobalSection
	GlobalSection(SolutionProperties) = preSolution
		HideSolutionNode = FALSE
	EndGlobalSection
	GlobalSection(NestedProjects) = preSolution
		{2F57AA1D-7A69-4852-8541-D47D0DADE206} = {81EAEC45-4A50-4547-99F2-FD84F544672B}
	EndGlobalSection
EndGlobal
